
Microsoft Visual Studio Solution File, Format Version 12.00
# Visual Studio Version 16
VisualStudioVersion = 16.0.29926.136
MinimumVisualStudioVersion = 10.0.40219.1
Project("{FAE04EC0-301F-11D3-BF4B-00C04F79EFBC}") = "OdeToFood.Web", "OdeToFood.Web\OdeToFood.Web.csproj", "{251673B3-2EC1-43D8-84BD-A01473E14782}"
EndProject
Project("{FAE04EC0-301F-11D3-BF4B-00C04F79EFBC}") = "OdeToFood.Data", "OdeToFood.Data\OdeToFood.Data.csproj", "{C1FD55BB-887E-4D0A-89CE-EB4B5EAF3EB3}"
EndProject
Global
	GlobalSection(SolutionConfigurationPlatforms) = preSolution
		Debug|Any CPU = Debug|Any CPU
		Release|Any CPU = Release|Any CPU
	EndGlobalSection
	GlobalSection(ProjectConfigurationPlatforms) = postSolution
		{251673B3-2EC1-43D8-84BD-A01473E14782}.Debug|Any CPU.ActiveCfg = Debug|Any CPU
		{251673B3-2EC1-43D8-84BD-A01473E14782}.Debug|Any CPU.Build.0 = Debug|Any CPU
		{251673B3-2EC1-43D8-84BD-A01473E14782}.Release|Any CPU.ActiveCfg = Release|Any CPU
		{251673B3-2EC1-43D8-84BD-A01473E14782}.Release|Any CPU.Build.0 = Release|Any CPU
		{C1FD55BB-887E-4D0A-89CE-EB4B5EAF3EB3}.Debug|Any CPU.ActiveCfg = Debug|Any CPU
		{C1FD55BB-887E-4D0A-89CE-EB4B5EAF3EB3}.Debug|Any CPU.Build.0 = Debug|Any CPU
		{C1FD55BB-887E-4D0A-89CE-EB4B5EAF3EB3}.Release|Any CPU.ActiveCfg = Release|Any CPU
		{C1FD55BB-887E-4D0A-89CE-EB4B5EAF3EB3}.Release|Any CPU.Build.0 = Release|Any CPU
	EndGlobalSection
	GlobalSection(SolutionProperties) = preSolution
		HideSolutionNode = FALSE
	EndGlobalSection
	GlobalSection(ExtensibilityGlobals) = postSolution
		SolutionGuid = {52F9B36B-D47C-49F6-AB8D-40BC33953E8E}
	EndGlobalSection
EndGlobal
